// !$*UTF8*$!
{
	archiveVersion = 1;
	classes = {
	};
	objectVersion = 50;
	objects = {

/* Begin PBXBuildFile section */
		4F589F282493F92E0099AB5A /* NSImageExtension.swift in Sources */ = {isa = PBXBuildFile; fileRef = 4F589F272493F92E0099AB5A /* NSImageExtension.swift */; };
		4F589F2A24A91BAA0099AB5A /* GetMasterPasswordView.swift in Sources */ = {isa = PBXBuildFile; fileRef = 4F589F2924A91BA90099AB5A /* GetMasterPasswordView.swift */; };
		4F589F2C24B255720099AB5A /* TextAlert.swift in Sources */ = {isa = PBXBuildFile; fileRef = 4F589F2B24B255710099AB5A /* TextAlert.swift */; };
		4F589F3424BE1A6A0099AB5A /* PassengerTests.swift in Sources */ = {isa = PBXBuildFile; fileRef = 4F589F3324BE1A6A0099AB5A /* PassengerTests.swift */; };
		4F589F3C24C3618C0099AB5A /* PasswordGenerator.swift in Sources */ = {isa = PBXBuildFile; fileRef = 4F589F3B24C3618B0099AB5A /* PasswordGenerator.swift */; };
		4F589F3D24C3618C0099AB5A /* PasswordGenerator.swift in Sources */ = {isa = PBXBuildFile; fileRef = 4F589F3B24C3618B0099AB5A /* PasswordGenerator.swift */; };
		4F7DEDB324687C850012041B /* AppDelegate.swift in Sources */ = {isa = PBXBuildFile; fileRef = 4F7DEDB224687C850012041B /* AppDelegate.swift */; };
		4F7DEDB524687C850012041B /* ContentView.swift in Sources */ = {isa = PBXBuildFile; fileRef = 4F7DEDB424687C850012041B /* ContentView.swift */; };
		4F7DEDB724687C870012041B /* Assets.xcassets in Resources */ = {isa = PBXBuildFile; fileRef = 4F7DEDB624687C870012041B /* Assets.xcassets */; };
		4F7DEDBA24687C870012041B /* Preview Assets.xcassets in Resources */ = {isa = PBXBuildFile; fileRef = 4F7DEDB924687C870012041B /* Preview Assets.xcassets */; };
		4F7DEDBD24687C870012041B /* Main.storyboard in Resources */ = {isa = PBXBuildFile; fileRef = 4F7DEDBB24687C870012041B /* Main.storyboard */; };
		4F7DEDC424687EB30012041B /* PasswordsView.swift in Sources */ = {isa = PBXBuildFile; fileRef = 4F7DEDC324687EB30012041B /* PasswordsView.swift */; };
		4F7DEDCB247384270012041B /* PasswordsView.swift in Sources */ = {isa = PBXBuildFile; fileRef = 4F7DEDC324687EB30012041B /* PasswordsView.swift */; };
		4F7DEDCC2473845B0012041B /* PasswordItem.swift in Sources */ = {isa = PBXBuildFile; fileRef = 4F87051824437C9B00769A9D /* PasswordItem.swift */; };
		4F7DEDCD2473845B0012041B /* Model.swift in Sources */ = {isa = PBXBuildFile; fileRef = 4F87051A244398C400769A9D /* Model.swift */; };
		4F7DEDCF2473845B0012041B /* KeychainPasswordItem.swift in Sources */ = {isa = PBXBuildFile; fileRef = 4FCF4D1924632D8700F98F3C /* KeychainPasswordItem.swift */; };
		4F7DEDD02473845B0012041B /* PassengerKeychainItem.swift in Sources */ = {isa = PBXBuildFile; fileRef = 4FCF4D1B24632F4000F98F3C /* PassengerKeychainItem.swift */; };
		4F7DEDD22478D9F20012041B /* CreatePasswordFormView.swift in Sources */ = {isa = PBXBuildFile; fileRef = 4F7DEDD12478D9F20012041B /* CreatePasswordFormView.swift */; };
		4F7DEDD4247B67310012041B /* CreatePasswordFormModel.swift in Sources */ = {isa = PBXBuildFile; fileRef = 4F7DEDD3247B67310012041B /* CreatePasswordFormModel.swift */; };
		4F7DEDD5247B67310012041B /* CreatePasswordFormModel.swift in Sources */ = {isa = PBXBuildFile; fileRef = 4F7DEDD3247B67310012041B /* CreatePasswordFormModel.swift */; };
		4F7DEDD72482170B0012041B /* CreatePasswordView.swift in Sources */ = {isa = PBXBuildFile; fileRef = 4F7DEDD62482170B0012041B /* CreatePasswordView.swift */; };
		4F7DEDD8248218310012041B /* CreatePasswordFormView.swift in Sources */ = {isa = PBXBuildFile; fileRef = 4F7DEDD12478D9F20012041B /* CreatePasswordFormView.swift */; };
		4F7DEDDA248557040012041B /* MasterPasswordView.swift in Sources */ = {isa = PBXBuildFile; fileRef = 4F7DEDD9248557040012041B /* MasterPasswordView.swift */; };
		4F7DEDDC2485589A0012041B /* MasterPasswordFormModel.swift in Sources */ = {isa = PBXBuildFile; fileRef = 4F7DEDDB2485589A0012041B /* MasterPasswordFormModel.swift */; };
		4F7DEDDD2485589A0012041B /* MasterPasswordFormModel.swift in Sources */ = {isa = PBXBuildFile; fileRef = 4F7DEDDB2485589A0012041B /* MasterPasswordFormModel.swift */; };
		4F7DEDDE2485589F0012041B /* MasterPasswordView.swift in Sources */ = {isa = PBXBuildFile; fileRef = 4F7DEDD9248557040012041B /* MasterPasswordView.swift */; };
		4F7DEDE02485FE120012041B /* ViewExtensions.swift in Sources */ = {isa = PBXBuildFile; fileRef = 4F7DEDDF2485FE120012041B /* ViewExtensions.swift */; };
		4F7DEDE12485FE120012041B /* ViewExtensions.swift in Sources */ = {isa = PBXBuildFile; fileRef = 4F7DEDDF2485FE120012041B /* ViewExtensions.swift */; };
		4F7DEDE2248741350012041B /* Assets.xcassets in Resources */ = {isa = PBXBuildFile; fileRef = 4F7DEDB624687C870012041B /* Assets.xcassets */; };
		4F870505244379C500769A9D /* AppDelegate.swift in Sources */ = {isa = PBXBuildFile; fileRef = 4F870504244379C500769A9D /* AppDelegate.swift */; };
		4F870507244379C500769A9D /* SceneDelegate.swift in Sources */ = {isa = PBXBuildFile; fileRef = 4F870506244379C500769A9D /* SceneDelegate.swift */; };
		4F870509244379C500769A9D /* ContentView.swift in Sources */ = {isa = PBXBuildFile; fileRef = 4F870508244379C500769A9D /* ContentView.swift */; };
		4F87050E244379C800769A9D /* Preview Assets.xcassets in Resources */ = {isa = PBXBuildFile; fileRef = 4F87050D244379C800769A9D /* Preview Assets.xcassets */; };
		4F870511244379C800769A9D /* LaunchScreen.storyboard in Resources */ = {isa = PBXBuildFile; fileRef = 4F87050F244379C800769A9D /* LaunchScreen.storyboard */; };
		4F87051924437C9C00769A9D /* PasswordItem.swift in Sources */ = {isa = PBXBuildFile; fileRef = 4F87051824437C9B00769A9D /* PasswordItem.swift */; };
		4F87051B244398C400769A9D /* Model.swift in Sources */ = {isa = PBXBuildFile; fileRef = 4F87051A244398C400769A9D /* Model.swift */; };
		4FCF4D182454DC8400F98F3C /* CreatePasswordView.swift in Sources */ = {isa = PBXBuildFile; fileRef = 4FCF4D172454DC8300F98F3C /* CreatePasswordView.swift */; };
		4FCF4D1A24632D8700F98F3C /* KeychainPasswordItem.swift in Sources */ = {isa = PBXBuildFile; fileRef = 4FCF4D1924632D8700F98F3C /* KeychainPasswordItem.swift */; };
		4FCF4D1C24632F4000F98F3C /* PassengerKeychainItem.swift in Sources */ = {isa = PBXBuildFile; fileRef = 4FCF4D1B24632F4000F98F3C /* PassengerKeychainItem.swift */; };
/* End PBXBuildFile section */

/* Begin PBXContainerItemProxy section */
		4F589F3624BE1A6A0099AB5A /* PBXContainerItemProxy */ = {
			isa = PBXContainerItemProxy;
			containerPortal = 4F8704F9244379C500769A9D /* Project object */;
			proxyType = 1;
			remoteGlobalIDString = 4F870500244379C500769A9D;
			remoteInfo = Passenger;
		};
/* End PBXContainerItemProxy section */

/* Begin PBXFileReference section */
		4F589F272493F92E0099AB5A /* NSImageExtension.swift */ = {isa = PBXFileReference; lastKnownFileType = sourcecode.swift; path = NSImageExtension.swift; sourceTree = "<group>"; };
		4F589F2924A91BA90099AB5A /* GetMasterPasswordView.swift */ = {isa = PBXFileReference; lastKnownFileType = sourcecode.swift; path = GetMasterPasswordView.swift; sourceTree = "<group>"; };
		4F589F2B24B255710099AB5A /* TextAlert.swift */ = {isa = PBXFileReference; lastKnownFileType = sourcecode.swift; path = TextAlert.swift; sourceTree = "<group>"; };
		4F589F3124BE1A6A0099AB5A /* PassengerTests.xctest */ = {isa = PBXFileReference; explicitFileType = wrapper.cfbundle; includeInIndex = 0; path = PassengerTests.xctest; sourceTree = BUILT_PRODUCTS_DIR; };
		4F589F3324BE1A6A0099AB5A /* PassengerTests.swift */ = {isa = PBXFileReference; lastKnownFileType = sourcecode.swift; path = PassengerTests.swift; sourceTree = "<group>"; };
		4F589F3524BE1A6A0099AB5A /* Info.plist */ = {isa = PBXFileReference; lastKnownFileType = text.plist.xml; path = Info.plist; sourceTree = "<group>"; };
		4F589F3B24C3618B0099AB5A /* PasswordGenerator.swift */ = {isa = PBXFileReference; lastKnownFileType = sourcecode.swift; path = PasswordGenerator.swift; sourceTree = "<group>"; };
		4F7DEDB024687C850012041B /* MacPassenger.app */ = {isa = PBXFileReference; explicitFileType = wrapper.application; includeInIndex = 0; path = MacPassenger.app; sourceTree = BUILT_PRODUCTS_DIR; };
		4F7DEDB224687C850012041B /* AppDelegate.swift */ = {isa = PBXFileReference; lastKnownFileType = sourcecode.swift; path = AppDelegate.swift; sourceTree = "<group>"; };
		4F7DEDB424687C850012041B /* ContentView.swift */ = {isa = PBXFileReference; lastKnownFileType = sourcecode.swift; path = ContentView.swift; sourceTree = "<group>"; };
		4F7DEDB624687C870012041B /* Assets.xcassets */ = {isa = PBXFileReference; lastKnownFileType = folder.assetcatalog; path = Assets.xcassets; sourceTree = "<group>"; };
		4F7DEDB924687C870012041B /* Preview Assets.xcassets */ = {isa = PBXFileReference; lastKnownFileType = folder.assetcatalog; path = "Preview Assets.xcassets"; sourceTree = "<group>"; };
		4F7DEDBC24687C870012041B /* Base */ = {isa = PBXFileReference; lastKnownFileType = file.storyboard; name = Base; path = Base.lproj/Main.storyboard; sourceTree = "<group>"; };
		4F7DEDBE24687C870012041B /* Info.plist */ = {isa = PBXFileReference; lastKnownFileType = text.plist.xml; path = Info.plist; sourceTree = "<group>"; };
		4F7DEDBF24687C870012041B /* MacPassenger.entitlements */ = {isa = PBXFileReference; lastKnownFileType = text.plist.entitlements; path = MacPassenger.entitlements; sourceTree = "<group>"; };
		4F7DEDC324687EB30012041B /* PasswordsView.swift */ = {isa = PBXFileReference; lastKnownFileType = sourcecode.swift; path = PasswordsView.swift; sourceTree = "<group>"; };
		4F7DEDD12478D9F20012041B /* CreatePasswordFormView.swift */ = {isa = PBXFileReference; lastKnownFileType = sourcecode.swift; path = CreatePasswordFormView.swift; sourceTree = "<group>"; };
		4F7DEDD3247B67310012041B /* CreatePasswordFormModel.swift */ = {isa = PBXFileReference; lastKnownFileType = sourcecode.swift; path = CreatePasswordFormModel.swift; sourceTree = "<group>"; };
		4F7DEDD62482170B0012041B /* CreatePasswordView.swift */ = {isa = PBXFileReference; lastKnownFileType = sourcecode.swift; path = CreatePasswordView.swift; sourceTree = "<group>"; };
		4F7DEDD9248557040012041B /* MasterPasswordView.swift */ = {isa = PBXFileReference; lastKnownFileType = sourcecode.swift; path = MasterPasswordView.swift; sourceTree = "<group>"; };
		4F7DEDDB2485589A0012041B /* MasterPasswordFormModel.swift */ = {isa = PBXFileReference; lastKnownFileType = sourcecode.swift; path = MasterPasswordFormModel.swift; sourceTree = "<group>"; };
		4F7DEDDF2485FE120012041B /* ViewExtensions.swift */ = {isa = PBXFileReference; lastKnownFileType = sourcecode.swift; path = ViewExtensions.swift; sourceTree = "<group>"; };
		4F870501244379C500769A9D /* Passenger.app */ = {isa = PBXFileReference; explicitFileType = wrapper.application; includeInIndex = 0; path = Passenger.app; sourceTree = BUILT_PRODUCTS_DIR; };
		4F870504244379C500769A9D /* AppDelegate.swift */ = {isa = PBXFileReference; lastKnownFileType = sourcecode.swift; path = AppDelegate.swift; sourceTree = "<group>"; };
		4F870506244379C500769A9D /* SceneDelegate.swift */ = {isa = PBXFileReference; lastKnownFileType = sourcecode.swift; path = SceneDelegate.swift; sourceTree = "<group>"; };
		4F870508244379C500769A9D /* ContentView.swift */ = {isa = PBXFileReference; lastKnownFileType = sourcecode.swift; path = ContentView.swift; sourceTree = "<group>"; };
		4F87050D244379C800769A9D /* Preview Assets.xcassets */ = {isa = PBXFileReference; lastKnownFileType = folder.assetcatalog; path = "Preview Assets.xcassets"; sourceTree = "<group>"; };
		4F870510244379C800769A9D /* Base */ = {isa = PBXFileReference; lastKnownFileType = file.storyboard; name = Base; path = Base.lproj/LaunchScreen.storyboard; sourceTree = "<group>"; };
		4F870512244379C800769A9D /* Info.plist */ = {isa = PBXFileReference; lastKnownFileType = text.plist.xml; path = Info.plist; sourceTree = "<group>"; };
		4F87051824437C9B00769A9D /* PasswordItem.swift */ = {isa = PBXFileReference; lastKnownFileType = sourcecode.swift; path = PasswordItem.swift; sourceTree = "<group>"; };
		4F87051A244398C400769A9D /* Model.swift */ = {isa = PBXFileReference; lastKnownFileType = sourcecode.swift; path = Model.swift; sourceTree = "<group>"; };
		4FCF4D172454DC8300F98F3C /* CreatePasswordView.swift */ = {isa = PBXFileReference; lastKnownFileType = sourcecode.swift; path = CreatePasswordView.swift; sourceTree = "<group>"; };
		4FCF4D1924632D8700F98F3C /* KeychainPasswordItem.swift */ = {isa = PBXFileReference; lastKnownFileType = sourcecode.swift; path = KeychainPasswordItem.swift; sourceTree = "<group>"; };
		4FCF4D1B24632F4000F98F3C /* PassengerKeychainItem.swift */ = {isa = PBXFileReference; lastKnownFileType = sourcecode.swift; path = PassengerKeychainItem.swift; sourceTree = "<group>"; };
/* End PBXFileReference section */

/* Begin PBXFrameworksBuildPhase section */
		4F589F2E24BE1A6A0099AB5A /* Frameworks */ = {
			isa = PBXFrameworksBuildPhase;
			buildActionMask = 2147483647;
			files = (
			);
			runOnlyForDeploymentPostprocessing = 0;
		};
		4F7DEDAD24687C850012041B /* Frameworks */ = {
			isa = PBXFrameworksBuildPhase;
			buildActionMask = 2147483647;
			files = (
			);
			runOnlyForDeploymentPostprocessing = 0;
		};
		4F8704FE244379C500769A9D /* Frameworks */ = {
			isa = PBXFrameworksBuildPhase;
			buildActionMask = 2147483647;
			files = (
			);
			runOnlyForDeploymentPostprocessing = 0;
		};
/* End PBXFrameworksBuildPhase section */

/* Begin PBXGroup section */
		4F589F3224BE1A6A0099AB5A /* PassengerTests */ = {
			isa = PBXGroup;
			children = (
				4F589F3324BE1A6A0099AB5A /* PassengerTests.swift */,
				4F589F3524BE1A6A0099AB5A /* Info.plist */,
			);
			path = PassengerTests;
			sourceTree = "<group>";
		};
		4F7DEDB124687C850012041B /* MacPassenger */ = {
			isa = PBXGroup;
			children = (
				4F7DEDB224687C850012041B /* AppDelegate.swift */,
				4F7DEDB424687C850012041B /* ContentView.swift */,
				4F7DEDBB24687C870012041B /* Main.storyboard */,
				4F7DEDBE24687C870012041B /* Info.plist */,
				4F7DEDBF24687C870012041B /* MacPassenger.entitlements */,
				4F7DEDB824687C870012041B /* Preview Content */,
				4F7DEDD62482170B0012041B /* CreatePasswordView.swift */,
				4F589F272493F92E0099AB5A /* NSImageExtension.swift */,
				4F589F2924A91BA90099AB5A /* GetMasterPasswordView.swift */,
			);
			path = MacPassenger;
			sourceTree = "<group>";
		};
		4F7DEDB824687C870012041B /* Preview Content */ = {
			isa = PBXGroup;
			children = (
				4F7DEDB924687C870012041B /* Preview Assets.xcassets */,
			);
			path = "Preview Content";
			sourceTree = "<group>";
		};
		4F8704F8244379C500769A9D = {
			isa = PBXGroup;
			children = (
				4F7DEDB624687C870012041B /* Assets.xcassets */,
				4FEC0E6D248893D300869313 /* Model */,
				4FEC0E6C248893CA00869313 /* Views */,
				4F870503244379C500769A9D /* Passenger */,
				4F7DEDB124687C850012041B /* MacPassenger */,
				4F589F3224BE1A6A0099AB5A /* PassengerTests */,
				4F870502244379C500769A9D /* Products */,
			);
			sourceTree = "<group>";
		};
		4F870502244379C500769A9D /* Products */ = {
			isa = PBXGroup;
			children = (
				4F870501244379C500769A9D /* Passenger.app */,
				4F7DEDB024687C850012041B /* MacPassenger.app */,
				4F589F3124BE1A6A0099AB5A /* PassengerTests.xctest */,
			);
			name = Products;
			sourceTree = "<group>";
		};
		4F870503244379C500769A9D /* Passenger */ = {
			isa = PBXGroup;
			children = (
				4F870504244379C500769A9D /* AppDelegate.swift */,
				4F870506244379C500769A9D /* SceneDelegate.swift */,
				4F870508244379C500769A9D /* ContentView.swift */,
				4F87050F244379C800769A9D /* LaunchScreen.storyboard */,
				4F870512244379C800769A9D /* Info.plist */,
				4F87050C244379C800769A9D /* Preview Content */,
				4FCF4D172454DC8300F98F3C /* CreatePasswordView.swift */,
				4F589F2B24B255710099AB5A /* TextAlert.swift */,
			);
			path = Passenger;
			sourceTree = "<group>";
		};
		4F87050C244379C800769A9D /* Preview Content */ = {
			isa = PBXGroup;
			children = (
				4F87050D244379C800769A9D /* Preview Assets.xcassets */,
			);
			path = "Preview Content";
			sourceTree = "<group>";
		};
		4FEC0E6C248893CA00869313 /* Views */ = {
			isa = PBXGroup;
			children = (
				4F7DEDC324687EB30012041B /* PasswordsView.swift */,
				4F7DEDD12478D9F20012041B /* CreatePasswordFormView.swift */,
				4F7DEDD9248557040012041B /* MasterPasswordView.swift */,
				4F7DEDDF2485FE120012041B /* ViewExtensions.swift */,
			);
			path = Views;
			sourceTree = "<group>";
		};
		4FEC0E6D248893D300869313 /* Model */ = {
			isa = PBXGroup;
			children = (
				4F87051A244398C400769A9D /* Model.swift */,
				4F87051824437C9B00769A9D /* PasswordItem.swift */,
				4FCF4D1924632D8700F98F3C /* KeychainPasswordItem.swift */,
				4FCF4D1B24632F4000F98F3C /* PassengerKeychainItem.swift */,
				4F7DEDD3247B67310012041B /* CreatePasswordFormModel.swift */,
				4F7DEDDB2485589A0012041B /* MasterPasswordFormModel.swift */,
				4F589F3B24C3618B0099AB5A /* PasswordGenerator.swift */,
			);
			path = Model;
			sourceTree = "<group>";
		};
/* End PBXGroup section */

/* Begin PBXNativeTarget section */
		4F589F3024BE1A6A0099AB5A /* PassengerTests */ = {
			isa = PBXNativeTarget;
			buildConfigurationList = 4F589F3824BE1A6A0099AB5A /* Build configuration list for PBXNativeTarget "PassengerTests" */;
			buildPhases = (
				4F589F2D24BE1A6A0099AB5A /* Sources */,
				4F589F2E24BE1A6A0099AB5A /* Frameworks */,
				4F589F2F24BE1A6A0099AB5A /* Resources */,
			);
			buildRules = (
			);
			dependencies = (
				4F589F3724BE1A6A0099AB5A /* PBXTargetDependency */,
			);
			name = PassengerTests;
			productName = PassengerTests;
			productReference = 4F589F3124BE1A6A0099AB5A /* PassengerTests.xctest */;
			productType = "com.apple.product-type.bundle.unit-test";
		};
		4F7DEDAF24687C850012041B /* MacPassenger */ = {
			isa = PBXNativeTarget;
			buildConfigurationList = 4F7DEDC224687C870012041B /* Build configuration list for PBXNativeTarget "MacPassenger" */;
			buildPhases = (
				4F7DEDAC24687C850012041B /* Sources */,
				4F7DEDAD24687C850012041B /* Frameworks */,
				4F7DEDAE24687C850012041B /* Resources */,
			);
			buildRules = (
			);
			dependencies = (
			);
			name = MacPassenger;
			productName = MacPassenger;
			productReference = 4F7DEDB024687C850012041B /* MacPassenger.app */;
			productType = "com.apple.product-type.application";
		};
		4F870500244379C500769A9D /* Passenger */ = {
			isa = PBXNativeTarget;
			buildConfigurationList = 4F870515244379C800769A9D /* Build configuration list for PBXNativeTarget "Passenger" */;
			buildPhases = (
				4F8704FD244379C500769A9D /* Sources */,
				4F8704FE244379C500769A9D /* Frameworks */,
				4F8704FF244379C500769A9D /* Resources */,
			);
			buildRules = (
			);
			dependencies = (
			);
			name = Passenger;
			productName = Passenger;
			productReference = 4F870501244379C500769A9D /* Passenger.app */;
			productType = "com.apple.product-type.application";
		};
/* End PBXNativeTarget section */

/* Begin PBXProject section */
		4F8704F9244379C500769A9D /* Project object */ = {
			isa = PBXProject;
			attributes = {
				LastSwiftUpdateCheck = 1150;
				LastUpgradeCheck = 1150;
				ORGANIZATIONNAME = Neil;
				TargetAttributes = {
					4F589F3024BE1A6A0099AB5A = {
						CreatedOnToolsVersion = 11.5;
						TestTargetID = 4F870500244379C500769A9D;
					};
					4F7DEDAF24687C850012041B = {
						CreatedOnToolsVersion = 11.4.1;
					};
					4F870500244379C500769A9D = {
						CreatedOnToolsVersion = 11.3.1;
					};
				};
			};
			buildConfigurationList = 4F8704FC244379C500769A9D /* Build configuration list for PBXProject "Passenger" */;
			compatibilityVersion = "Xcode 9.3";
			developmentRegion = en;
			hasScannedForEncodings = 0;
			knownRegions = (
				en,
				Base,
			);
			mainGroup = 4F8704F8244379C500769A9D;
			productRefGroup = 4F870502244379C500769A9D /* Products */;
			projectDirPath = "";
			projectRoot = "";
			targets = (
				4F870500244379C500769A9D /* Passenger */,
				4F7DEDAF24687C850012041B /* MacPassenger */,
				4F589F3024BE1A6A0099AB5A /* PassengerTests */,
			);
		};
/* End PBXProject section */

/* Begin PBXResourcesBuildPhase section */
		4F589F2F24BE1A6A0099AB5A /* Resources */ = {
			isa = PBXResourcesBuildPhase;
			buildActionMask = 2147483647;
			files = (
			);
			runOnlyForDeploymentPostprocessing = 0;
		};
		4F7DEDAE24687C850012041B /* Resources */ = {
			isa = PBXResourcesBuildPhase;
			buildActionMask = 2147483647;
			files = (
				4F7DEDBD24687C870012041B /* Main.storyboard in Resources */,
				4F7DEDBA24687C870012041B /* Preview Assets.xcassets in Resources */,
				4F7DEDB724687C870012041B /* Assets.xcassets in Resources */,
			);
			runOnlyForDeploymentPostprocessing = 0;
		};
		4F8704FF244379C500769A9D /* Resources */ = {
			isa = PBXResourcesBuildPhase;
			buildActionMask = 2147483647;
			files = (
				4F870511244379C800769A9D /* LaunchScreen.storyboard in Resources */,
				4F87050E244379C800769A9D /* Preview Assets.xcassets in Resources */,
				4F7DEDE2248741350012041B /* Assets.xcassets in Resources */,
			);
			runOnlyForDeploymentPostprocessing = 0;
		};
/* End PBXResourcesBuildPhase section */

/* Begin PBXSourcesBuildPhase section */
		4F589F2D24BE1A6A0099AB5A /* Sources */ = {
			isa = PBXSourcesBuildPhase;
			buildActionMask = 2147483647;
			files = (
				4F589F3424BE1A6A0099AB5A /* PassengerTests.swift in Sources */,
			);
			runOnlyForDeploymentPostprocessing = 0;
		};
		4F7DEDAC24687C850012041B /* Sources */ = {
			isa = PBXSourcesBuildPhase;
			buildActionMask = 2147483647;
			files = (
				4F7DEDCD2473845B0012041B /* Model.swift in Sources */,
				4F7DEDD02473845B0012041B /* PassengerKeychainItem.swift in Sources */,
				4F7DEDDD2485589A0012041B /* MasterPasswordFormModel.swift in Sources */,
				4F7DEDD5247B67310012041B /* CreatePasswordFormModel.swift in Sources */,
				4F7DEDD72482170B0012041B /* CreatePasswordView.swift in Sources */,
				4F7DEDDE2485589F0012041B /* MasterPasswordView.swift in Sources */,
				4F7DEDB524687C850012041B /* ContentView.swift in Sources */,
				4F7DEDE12485FE120012041B /* ViewExtensions.swift in Sources */,
				4F7DEDD8248218310012041B /* CreatePasswordFormView.swift in Sources */,
				4F7DEDB324687C850012041B /* AppDelegate.swift in Sources */,
				4F589F282493F92E0099AB5A /* NSImageExtension.swift in Sources */,
				4F7DEDCF2473845B0012041B /* KeychainPasswordItem.swift in Sources */,
				4F589F3D24C3618C0099AB5A /* PasswordGenerator.swift in Sources */,
				4F589F2A24A91BAA0099AB5A /* GetMasterPasswordView.swift in Sources */,
				4F7DEDCB247384270012041B /* PasswordsView.swift in Sources */,
				4F7DEDCC2473845B0012041B /* PasswordItem.swift in Sources */,
			);
			runOnlyForDeploymentPostprocessing = 0;
		};
		4F8704FD244379C500769A9D /* Sources */ = {
			isa = PBXSourcesBuildPhase;
			buildActionMask = 2147483647;
			files = (
				4F87051B244398C400769A9D /* Model.swift in Sources */,
				4F7DEDDC2485589A0012041B /* MasterPasswordFormModel.swift in Sources */,
				4FCF4D1C24632F4000F98F3C /* PassengerKeychainItem.swift in Sources */,
				4F7DEDD4247B67310012041B /* CreatePasswordFormModel.swift in Sources */,
				4F870505244379C500769A9D /* AppDelegate.swift in Sources */,
				4F870507244379C500769A9D /* SceneDelegate.swift in Sources */,
				4F589F2C24B255720099AB5A /* TextAlert.swift in Sources */,
				4F7DEDDA248557040012041B /* MasterPasswordView.swift in Sources */,
				4F7DEDD22478D9F20012041B /* CreatePasswordFormView.swift in Sources */,
				4F7DEDE02485FE120012041B /* ViewExtensions.swift in Sources */,
				4FCF4D1A24632D8700F98F3C /* KeychainPasswordItem.swift in Sources */,
				4FCF4D182454DC8400F98F3C /* CreatePasswordView.swift in Sources */,
				4F589F3C24C3618C0099AB5A /* PasswordGenerator.swift in Sources */,
				4F870509244379C500769A9D /* ContentView.swift in Sources */,
				4F87051924437C9C00769A9D /* PasswordItem.swift in Sources */,
				4F7DEDC424687EB30012041B /* PasswordsView.swift in Sources */,
			);
			runOnlyForDeploymentPostprocessing = 0;
		};
/* End PBXSourcesBuildPhase section */

/* Begin PBXTargetDependency section */
		4F589F3724BE1A6A0099AB5A /* PBXTargetDependency */ = {
			isa = PBXTargetDependency;
			target = 4F870500244379C500769A9D /* Passenger */;
			targetProxy = 4F589F3624BE1A6A0099AB5A /* PBXContainerItemProxy */;
		};
/* End PBXTargetDependency section */

/* Begin PBXVariantGroup section */
		4F7DEDBB24687C870012041B /* Main.storyboard */ = {
			isa = PBXVariantGroup;
			children = (
				4F7DEDBC24687C870012041B /* Base */,
			);
			name = Main.storyboard;
			sourceTree = "<group>";
		};
		4F87050F244379C800769A9D /* LaunchScreen.storyboard */ = {
			isa = PBXVariantGroup;
			children = (
				4F870510244379C800769A9D /* Base */,
			);
			name = LaunchScreen.storyboard;
			sourceTree = "<group>";
		};
/* End PBXVariantGroup section */

/* Begin XCBuildConfiguration section */
		4F589F3924BE1A6A0099AB5A /* Debug */ = {
			isa = XCBuildConfiguration;
			buildSettings = {
				BUNDLE_LOADER = "$(TEST_HOST)";
				CODE_SIGN_STYLE = Automatic;
				DEVELOPMENT_TEAM = 54ZXBTM75W;
				INFOPLIST_FILE = PassengerTests/Info.plist;
				IPHONEOS_DEPLOYMENT_TARGET = 13.5;
				LD_RUNPATH_SEARCH_PATHS = (
					"$(inherited)",
					"@executable_path/Frameworks",
					"@loader_path/Frameworks",
				);
				PRODUCT_BUNDLE_IDENTIFIER = com.nbakhle.PassengerTests;
				PRODUCT_NAME = "$(TARGET_NAME)";
				SWIFT_VERSION = 5.0;
				TARGETED_DEVICE_FAMILY = "1,2";
				TEST_HOST = "$(BUILT_PRODUCTS_DIR)/Passenger.app/Passenger";
			};
			name = Debug;
		};
		4F589F3A24BE1A6A0099AB5A /* Release */ = {
			isa = XCBuildConfiguration;
			buildSettings = {
				BUNDLE_LOADER = "$(TEST_HOST)";
				CODE_SIGN_STYLE = Automatic;
				DEVELOPMENT_TEAM = 54ZXBTM75W;
				INFOPLIST_FILE = PassengerTests/Info.plist;
				IPHONEOS_DEPLOYMENT_TARGET = 13.5;
				LD_RUNPATH_SEARCH_PATHS = (
					"$(inherited)",
					"@executable_path/Frameworks",
					"@loader_path/Frameworks",
				);
				PRODUCT_BUNDLE_IDENTIFIER = com.nbakhle.PassengerTests;
				PRODUCT_NAME = "$(TARGET_NAME)";
				SWIFT_VERSION = 5.0;
				TARGETED_DEVICE_FAMILY = "1,2";
				TEST_HOST = "$(BUILT_PRODUCTS_DIR)/Passenger.app/Passenger";
			};
			name = Release;
		};
		4F7DEDC024687C870012041B /* Debug */ = {
			isa = XCBuildConfiguration;
			buildSettings = {
				ASSETCATALOG_COMPILER_APPICON_NAME = AppIcon;
				CODE_SIGN_ENTITLEMENTS = MacPassenger/MacPassenger.entitlements;
				CODE_SIGN_IDENTITY = "-";
				CODE_SIGN_STYLE = Automatic;
				COMBINE_HIDPI_IMAGES = YES;
				DEVELOPMENT_ASSET_PATHS = "\"MacPassenger/Preview Content\"";
				DEVELOPMENT_TEAM = 54ZXBTM75W;
				ENABLE_HARDENED_RUNTIME = YES;
				ENABLE_PREVIEWS = YES;
				INFOPLIST_FILE = MacPassenger/Info.plist;
				LD_RUNPATH_SEARCH_PATHS = (
					"$(inherited)",
					"@executable_path/../Frameworks",
				);
				MACOSX_DEPLOYMENT_TARGET = 10.15;
				PRODUCT_BUNDLE_IDENTIFIER = com.nbakhle.Passenger;
				PRODUCT_NAME = "$(TARGET_NAME)";
				SDKROOT = macosx;
				SWIFT_VERSION = 5.0;
			};
			name = Debug;
		};
		4F7DEDC124687C870012041B /* Release */ = {
			isa = XCBuildConfiguration;
			buildSettings = {
				ASSETCATALOG_COMPILER_APPICON_NAME = AppIcon;
				CODE_SIGN_ENTITLEMENTS = MacPassenger/MacPassenger.entitlements;
				CODE_SIGN_IDENTITY = "-";
				CODE_SIGN_STYLE = Automatic;
				COMBINE_HIDPI_IMAGES = YES;
				DEVELOPMENT_ASSET_PATHS = "\"MacPassenger/Preview Content\"";
				DEVELOPMENT_TEAM = 54ZXBTM75W;
				ENABLE_HARDENED_RUNTIME = YES;
				ENABLE_PREVIEWS = YES;
				INFOPLIST_FILE = MacPassenger/Info.plist;
				LD_RUNPATH_SEARCH_PATHS = (
					"$(inherited)",
					"@executable_path/../Frameworks",
				);
				MACOSX_DEPLOYMENT_TARGET = 10.15;
				PRODUCT_BUNDLE_IDENTIFIER = com.nbakhle.Passenger;
				PRODUCT_NAME = "$(TARGET_NAME)";
				SDKROOT = macosx;
				SWIFT_VERSION = 5.0;
			};
			name = Release;
		};
		4F870513244379C800769A9D /* Debug */ = {
			isa = XCBuildConfiguration;
			buildSettings = {
				ALWAYS_SEARCH_USER_PATHS = NO;
				CLANG_ANALYZER_NONNULL = YES;
				CLANG_ANALYZER_NUMBER_OBJECT_CONVERSION = YES_AGGRESSIVE;
				CLANG_CXX_LANGUAGE_STANDARD = "gnu++14";
				CLANG_CXX_LIBRARY = "libc++";
				CLANG_ENABLE_MODULES = YES;
				CLANG_ENABLE_OBJC_ARC = YES;
				CLANG_ENABLE_OBJC_WEAK = YES;
				CLANG_WARN_BLOCK_CAPTURE_AUTORELEASING = YES;
				CLANG_WARN_BOOL_CONVERSION = YES;
				CLANG_WARN_COMMA = YES;
				CLANG_WARN_CONSTANT_CONVERSION = YES;
				CLANG_WARN_DEPRECATED_OBJC_IMPLEMENTATIONS = YES;
				CLANG_WARN_DIRECT_OBJC_ISA_USAGE = YES_ERROR;
				CLANG_WARN_DOCUMENTATION_COMMENTS = YES;
				CLANG_WARN_EMPTY_BODY = YES;
				CLANG_WARN_ENUM_CONVERSION = YES;
				CLANG_WARN_INFINITE_RECURSION = YES;
				CLANG_WARN_INT_CONVERSION = YES;
				CLANG_WARN_NON_LITERAL_NULL_CONVERSION = YES;
				CLANG_WARN_OBJC_IMPLICIT_RETAIN_SELF = YES;
				CLANG_WARN_OBJC_LITERAL_CONVERSION = YES;
				CLANG_WARN_OBJC_ROOT_CLASS = YES_ERROR;
				CLANG_WARN_RANGE_LOOP_ANALYSIS = YES;
				CLANG_WARN_STRICT_PROTOTYPES = YES;
				CLANG_WARN_SUSPICIOUS_MOVE = YES;
				CLANG_WARN_UNGUARDED_AVAILABILITY = YES_AGGRESSIVE;
				CLANG_WARN_UNREACHABLE_CODE = YES;
				CLANG_WARN__DUPLICATE_METHOD_MATCH = YES;
				COPY_PHASE_STRIP = NO;
				DEBUG_INFORMATION_FORMAT = dwarf;
				ENABLE_STRICT_OBJC_MSGSEND = YES;
				ENABLE_TESTABILITY = YES;
				GCC_C_LANGUAGE_STANDARD = gnu11;
				GCC_DYNAMIC_NO_PIC = NO;
				GCC_NO_COMMON_BLOCKS = YES;
				GCC_OPTIMIZATION_LEVEL = 0;
				GCC_PREPROCESSOR_DEFINITIONS = (
					"DEBUG=1",
					"$(inherited)",
				);
				GCC_WARN_64_TO_32_BIT_CONVERSION = YES;
				GCC_WARN_ABOUT_RETURN_TYPE = YES_ERROR;
				GCC_WARN_UNDECLARED_SELECTOR = YES;
				GCC_WARN_UNINITIALIZED_AUTOS = YES_AGGRESSIVE;
				GCC_WARN_UNUSED_FUNCTION = YES;
				GCC_WARN_UNUSED_VARIABLE = YES;
				IPHONEOS_DEPLOYMENT_TARGET = 13.2;
				MTL_ENABLE_DEBUG_INFO = INCLUDE_SOURCE;
				MTL_FAST_MATH = YES;
				ONLY_ACTIVE_ARCH = YES;
				SDKROOT = iphoneos;
				SWIFT_ACTIVE_COMPILATION_CONDITIONS = DEBUG;
				SWIFT_OPTIMIZATION_LEVEL = "-Onone";
			};
			name = Debug;
		};
		4F870514244379C800769A9D /* Release */ = {
			isa = XCBuildConfiguration;
			buildSettings = {
				ALWAYS_SEARCH_USER_PATHS = NO;
				CLANG_ANALYZER_NONNULL = YES;
				CLANG_ANALYZER_NUMBER_OBJECT_CONVERSION = YES_AGGRESSIVE;
				CLANG_CXX_LANGUAGE_STANDARD = "gnu++14";
				CLANG_CXX_LIBRARY = "libc++";
				CLANG_ENABLE_MODULES = YES;
				CLANG_ENABLE_OBJC_ARC = YES;
				CLANG_ENABLE_OBJC_WEAK = YES;
				CLANG_WARN_BLOCK_CAPTURE_AUTORELEASING = YES;
				CLANG_WARN_BOOL_CONVERSION = YES;
				CLANG_WARN_COMMA = YES;
				CLANG_WARN_CONSTANT_CONVERSION = YES;
				CLANG_WARN_DEPRECATED_OBJC_IMPLEMENTATIONS = YES;
				CLANG_WARN_DIRECT_OBJC_ISA_USAGE = YES_ERROR;
				CLANG_WARN_DOCUMENTATION_COMMENTS = YES;
				CLANG_WARN_EMPTY_BODY = YES;
				CLANG_WARN_ENUM_CONVERSION = YES;
				CLANG_WARN_INFINITE_RECURSION = YES;
				CLANG_WARN_INT_CONVERSION = YES;
				CLANG_WARN_NON_LITERAL_NULL_CONVERSION = YES;
				CLANG_WARN_OBJC_IMPLICIT_RETAIN_SELF = YES;
				CLANG_WARN_OBJC_LITERAL_CONVERSION = YES;
				CLANG_WARN_OBJC_ROOT_CLASS = YES_ERROR;
				CLANG_WARN_RANGE_LOOP_ANALYSIS = YES;
				CLANG_WARN_STRICT_PROTOTYPES = YES;
				CLANG_WARN_SUSPICIOUS_MOVE = YES;
				CLANG_WARN_UNGUARDED_AVAILABILITY = YES_AGGRESSIVE;
				CLANG_WARN_UNREACHABLE_CODE = YES;
				CLANG_WARN__DUPLICATE_METHOD_MATCH = YES;
				COPY_PHASE_STRIP = NO;
				DEBUG_INFORMATION_FORMAT = "dwarf-with-dsym";
				ENABLE_NS_ASSERTIONS = NO;
				ENABLE_STRICT_OBJC_MSGSEND = YES;
				GCC_C_LANGUAGE_STANDARD = gnu11;
				GCC_NO_COMMON_BLOCKS = YES;
				GCC_WARN_64_TO_32_BIT_CONVERSION = YES;
				GCC_WARN_ABOUT_RETURN_TYPE = YES_ERROR;
				GCC_WARN_UNDECLARED_SELECTOR = YES;
				GCC_WARN_UNINITIALIZED_AUTOS = YES_AGGRESSIVE;
				GCC_WARN_UNUSED_FUNCTION = YES;
				GCC_WARN_UNUSED_VARIABLE = YES;
				IPHONEOS_DEPLOYMENT_TARGET = 13.2;
				MTL_ENABLE_DEBUG_INFO = NO;
				MTL_FAST_MATH = YES;
				SDKROOT = iphoneos;
				SWIFT_COMPILATION_MODE = wholemodule;
				SWIFT_OPTIMIZATION_LEVEL = "-O";
				VALIDATE_PRODUCT = YES;
			};
			name = Release;
		};
		4F870516244379C800769A9D /* Debug */ = {
			isa = XCBuildConfiguration;
			buildSettings = {
				ASSETCATALOG_COMPILER_APPICON_NAME = AppIcon;
				CODE_SIGN_STYLE = Automatic;
				DEVELOPMENT_ASSET_PATHS = "\"Passenger/Preview Content\"";
				DEVELOPMENT_TEAM = 54ZXBTM75W;
				ENABLE_PREVIEWS = YES;
				INFOPLIST_FILE = Passenger/Info.plist;
				LD_RUNPATH_SEARCH_PATHS = (
					"$(inherited)",
					"@executable_path/Frameworks",
				);
				PRODUCT_BUNDLE_IDENTIFIER = com.nbakhle.Passenger;
				PRODUCT_NAME = "$(TARGET_NAME)";
				SWIFT_VERSION = 5.0;
				TARGETED_DEVICE_FAMILY = "1,2";
			};
			name = Debug;
		};
		4F870517244379C800769A9D /* Release */ = {
			isa = XCBuildConfiguration;
			buildSettings = {
				ASSETCATALOG_COMPILER_APPICON_NAME = AppIcon;
				CODE_SIGN_STYLE = Automatic;
				DEVELOPMENT_ASSET_PATHS = "\"Passenger/Preview Content\"";
				DEVELOPMENT_TEAM = 54ZXBTM75W;
				ENABLE_PREVIEWS = YES;
				INFOPLIST_FILE = Passenger/Info.plist;
				LD_RUNPATH_SEARCH_PATHS = (
					"$(inherited)",
					"@executable_path/Frameworks",
				);
				PRODUCT_BUNDLE_IDENTIFIER = com.nbakhle.Passenger;
				PRODUCT_NAME = "$(TARGET_NAME)";
				SWIFT_VERSION = 5.0;
				TARGETED_DEVICE_FAMILY = "1,2";
			};
			name = Release;
		};
/* End XCBuildConfiguration section */

/* Begin XCConfigurationList section */
		4F589F3824BE1A6A0099AB5A /* Build configuration list for PBXNativeTarget "PassengerTests" */ = {
			isa = XCConfigurationList;
			buildConfigurations = (
				4F589F3924BE1A6A0099AB5A /* Debug */,
				4F589F3A24BE1A6A0099AB5A /* Release */,
			);
			defaultConfigurationIsVisible = 0;
			defaultConfigurationName = Release;
		};
		4F7DEDC224687C870012041B /* Build configuration list for PBXNativeTarget "MacPassenger" */ = {
			isa = XCConfigurationList;
			buildConfigurations = (
				4F7DEDC024687C870012041B /* Debug */,
				4F7DEDC124687C870012041B /* Release */,
			);
			defaultConfigurationIsVisible = 0;
			defaultConfigurationName = Release;
		};
		4F8704FC244379C500769A9D /* Build configuration list for PBXProject "Passenger" */ = {
			isa = XCConfigurationList;
			buildConfigurations = (
				4F870513244379C800769A9D /* Debug */,
				4F870514244379C800769A9D /* Release */,
			);
			defaultConfigurationIsVisible = 0;
			defaultConfigurationName = Release;
		};
		4F870515244379C800769A9D /* Build configuration list for PBXNativeTarget "Passenger" */ = {
			isa = XCConfigurationList;
			buildConfigurations = (
				4F870516244379C800769A9D /* Debug */,
				4F870517244379C800769A9D /* Release */,
			);
			defaultConfigurationIsVisible = 0;
			defaultConfigurationName = Release;
		};
/* End XCConfigurationList section */
	};
	rootObject = 4F8704F9244379C500769A9D /* Project object */;
}
